{
  "version": 4,
  "terraform_version": "1.14.6",
  "serial": 10,
  "lineage": "d70f55de-0fe9-aa90-2392-f8ed5f9dc8bb",
  "outputs": {},
  "resources": [
    {
      "mode": "managed",
      "type": "azurerm_resource_group",
      "name": "RG1",
      "provider": "provider[\"registry.terraform.io/hashicorp/azurerm\"]",
      "instances": [
        {
          "schema_version": 0,
          "attributes": {
            "id": "/subscriptions/228026fd-0bcb-43bf-a0f1-93b0f199996d/resourceGroups/santosh-rg",
            "location": "eastus",
            "managed_by": "",
            "name": "santosh-rg",
            "tags": {},
            "timeouts": null
          },
          "sensitive_attributes": [],
          "identity_schema_version": 0,
          "identity": {
            "name": "santosh-rg",
            "subscription_id": "228026fd-0bcb-43bf-a0f1-93b0f199996d"
          },
          "private": "eyJlMmJmYjczMC1lY2FhLTExZTYtOGY4OC0zNDM2M2JjN2M0YzAiOnsiY3JlYXRlIjo1NDAwMDAwMDAwMDAwLCJkZWxldGUiOjU0MDAwMDAwMDAwMDAsInJlYWQiOjMwMDAwMDAwMDAwMCwidXBkYXRlIjo1NDAwMDAwMDAwMDAwfX0="
        }
      ]
    }
  ],
  "check_results": null
}
